
Microsoft Visual Studio Solution File, Format Version 12.00
# Visual Studio Version 16
VisualStudioVersion = 16.0.29409.12
MinimumVisualStudioVersion = 10.0.40219.1
Project("{FAE04EC0-301F-11D3-BF4B-00C04F79EFBC}") = "WpfApp3", "WpfApp3\WpfApp3.csproj", "{40DF971F-5CCE-49AB-8725-28358FA8D6F3}"
EndProject
Project("{2150E333-8FDC-42A3-9474-1A3956D46DE8}") = "Solution Items", "Solution Items", "{0682FF61-2D4D-4206-AE04-EDF9B024E74C}"
	ProjectSection(SolutionItems) = preProject
		.gitignore = .gitignore
	EndProjectSection
EndProject
Global
	GlobalSection(SolutionConfigurationPlatforms) = preSolution
		Debug|Any CPU = Debug|Any CPU
		Release|Any CPU = Release|Any CPU
	EndGlobalSection
	GlobalSection(ProjectConfigurationPlatforms) = postSolution
		{40DF971F-5CCE-49AB-8725-28358FA8D6F3}.Debug|Any CPU.ActiveCfg = Debug|Any CPU
		{40DF971F-5CCE-49AB-8725-28358FA8D6F3}.Debug|Any CPU.Build.0 = Debug|Any CPU
		{40DF971F-5CCE-49AB-8725-28358FA8D6F3}.Release|Any CPU.ActiveCfg = Release|Any CPU
		{40DF971F-5CCE-49AB-8725-28358FA8D6F3}.Release|Any CPU.Build.0 = Release|Any CPU
	EndGlobalSection
	GlobalSection(SolutionProperties) = preSolution
		HideSolutionNode = FALSE
	EndGlobalSection
	GlobalSection(ExtensibilityGlobals) = postSolution
		SolutionGuid = {CD2EEB69-D2EB-4D62-A4BC-550B80055FDB}
	EndGlobalSection
EndGlobal
